// !$*UTF8*$!
{
	archiveVersion = 1;
	classes = {
	};
	objectVersion = 46;
	objects = {

/* Begin PBXBuildFile section */
		BE79E4AF1E80FB6F00DD7A23 /* Handler.m in Sources */ = {isa = PBXBuildFile; fileRef = BE79E4A71E80FB6F00DD7A23 /* Handler.m */; };
		BE79E4B01E80FB6F00DD7A23 /* spaceship.jpg in Resources */ = {isa = PBXBuildFile; fileRef = BE79E4A81E80FB6F00DD7A23 /* spaceship.jpg */; };
		BE79E4B11E80FB6F00DD7A23 /* TabViewController.m in Sources */ = {isa = PBXBuildFile; fileRef = BE79E4AA1E80FB6F00DD7A23 /* TabViewController.m */; };
		BE79E4B21E80FB6F00DD7A23 /* UITableViewCell+Dy.m in Sources */ = {isa = PBXBuildFile; fileRef = BE79E4AC1E80FB6F00DD7A23 /* UITableViewCell+Dy.m */; };
		BE79E4B31E80FB6F00DD7A23 /* ViewController.m in Sources */ = {isa = PBXBuildFile; fileRef = BE79E4AE1E80FB6F00DD7A23 /* ViewController.m */; };
		BECC1A521D991D6D00155BF5 /* main.m in Sources */ = {isa = PBXBuildFile; fileRef = BECC1A511D991D6D00155BF5 /* main.m */; };
		BECC1A551D991D6D00155BF5 /* AppDelegate.m in Sources */ = {isa = PBXBuildFile; fileRef = BECC1A541D991D6D00155BF5 /* AppDelegate.m */; };
		BECC1A5B1D991D6D00155BF5 /* Main.storyboard in Resources */ = {isa = PBXBuildFile; fileRef = BECC1A591D991D6D00155BF5 /* Main.storyboard */; };
		BECC1A5D1D991D6D00155BF5 /* Assets.xcassets in Resources */ = {isa = PBXBuildFile; fileRef = BECC1A5C1D991D6D00155BF5 /* Assets.xcassets */; };
		BECC1A601D991D6D00155BF5 /* LaunchScreen.storyboard in Resources */ = {isa = PBXBuildFile; fileRef = BECC1A5E1D991D6D00155BF5 /* LaunchScreen.storyboard */; };
/* End PBXBuildFile section */

/* Begin PBXFileReference section */
		BE79E4A61E80FB6F00DD7A23 /* Handler.h */ = {isa = PBXFileReference; fileEncoding = 4; lastKnownFileType = sourcecode.c.h; path = Handler.h; sourceTree = "<group>"; };
		BE79E4A71E80FB6F00DD7A23 /* Handler.m */ = {isa = PBXFileReference; fileEncoding = 4; lastKnownFileType = sourcecode.c.objc; path = Handler.m; sourceTree = "<group>"; };
		BE79E4A81E80FB6F00DD7A23 /* spaceship.jpg */ = {isa = PBXFileReference; lastKnownFileType = image.jpeg; path = spaceship.jpg; sourceTree = "<group>"; };
		BE79E4A91E80FB6F00DD7A23 /* TabViewController.h */ = {isa = PBXFileReference; fileEncoding = 4; lastKnownFileType = sourcecode.c.h; path = TabViewController.h; sourceTree = "<group>"; };
		BE79E4AA1E80FB6F00DD7A23 /* TabViewController.m */ = {isa = PBXFileReference; fileEncoding = 4; lastKnownFileType = sourcecode.c.objc; path = TabViewController.m; sourceTree = "<group>"; };
		BE79E4AB1E80FB6F00DD7A23 /* UITableViewCell+Dy.h */ = {isa = PBXFileReference; fileEncoding = 4; lastKnownFileType = sourcecode.c.h; path = "UITableViewCell+Dy.h"; sourceTree = "<group>"; };
		BE79E4AC1E80FB6F00DD7A23 /* UITableViewCell+Dy.m */ = {isa = PBXFileReference; fileEncoding = 4; lastKnownFileType = sourcecode.c.objc; path = "UITableViewCell+Dy.m"; sourceTree = "<group>"; };
		BE79E4AD1E80FB6F00DD7A23 /* ViewController.h */ = {isa = PBXFileReference; fileEncoding = 4; lastKnownFileType = sourcecode.c.h; path = ViewController.h; sourceTree = "<group>"; };
		BE79E4AE1E80FB6F00DD7A23 /* ViewController.m */ = {isa = PBXFileReference; fileEncoding = 4; lastKnownFileType = sourcecode.c.objc; path = ViewController.m; sourceTree = "<group>"; };
		BECC1A4D1D991D6D00155BF5 /* DYRunLoop.app */ = {isa = PBXFileReference; explicitFileType = wrapper.application; includeInIndex = 0; path = DYRunLoop.app; sourceTree = BUILT_PRODUCTS_DIR; };
		BECC1A511D991D6D00155BF5 /* main.m */ = {isa = PBXFileReference; lastKnownFileType = sourcecode.c.objc; path = main.m; sourceTree = "<group>"; };
		BECC1A531D991D6D00155BF5 /* AppDelegate.h */ = {isa = PBXFileReference; lastKnownFileType = sourcecode.c.h; path = AppDelegate.h; sourceTree = "<group>"; };
		BECC1A541D991D6D00155BF5 /* AppDelegate.m */ = {isa = PBXFileReference; lastKnownFileType = sourcecode.c.objc; path = AppDelegate.m; sourceTree = "<group>"; };
		BECC1A5A1D991D6D00155BF5 /* Base */ = {isa = PBXFileReference; lastKnownFileType = file.storyboard; name = Base; path = Base.lproj/Main.storyboard; sourceTree = "<group>"; };
		BECC1A5C1D991D6D00155BF5 /* Assets.xcassets */ = {isa = PBXFileReference; lastKnownFileType = folder.assetcatalog; path = Assets.xcassets; sourceTree = "<group>"; };
		BECC1A5F1D991D6D00155BF5 /* Base */ = {isa = PBXFileReference; lastKnownFileType = file.storyboard; name = Base; path = Base.lproj/LaunchScreen.storyboard; sourceTree = "<group>"; };
		BECC1A611D991D6D00155BF5 /* Info.plist */ = {isa = PBXFileReference; lastKnownFileType = text.plist.xml; path = Info.plist; sourceTree = "<group>"; };
/* End PBXFileReference section */

/* Begin PBXFrameworksBuildPhase section */
		BECC1A4A1D991D6D00155BF5 /* Frameworks */ = {
			isa = PBXFrameworksBuildPhase;
			buildActionMask = 2147483647;
			files = (
			);
			runOnlyForDeploymentPostprocessing = 0;
		};
/* End PBXFrameworksBuildPhase section */

/* Begin PBXGroup section */
		BECC1A441D991D6D00155BF5 = {
			isa = PBXGroup;
			children = (
				BECC1A4F1D991D6D00155BF5 /* DYRunLoop */,
				BECC1A4E1D991D6D00155BF5 /* Products */,
			);
			sourceTree = "<group>";
		};
		BECC1A4E1D991D6D00155BF5 /* Products */ = {
			isa = PBXGroup;
			children = (
				BECC1A4D1D991D6D00155BF5 /* DYRunLoop.app */,
			);
			name = Products;
			sourceTree = "<group>";
		};
		BECC1A4F1D991D6D00155BF5 /* DYRunLoop */ = {
			isa = PBXGroup;
			children = (
				BECC1A531D991D6D00155BF5 /* AppDelegate.h */,
				BECC1A541D991D6D00155BF5 /* AppDelegate.m */,
				BE79E4A61E80FB6F00DD7A23 /* Handler.h */,
				BE79E4A71E80FB6F00DD7A23 /* Handler.m */,
				BE79E4A81E80FB6F00DD7A23 /* spaceship.jpg */,
				BE79E4A91E80FB6F00DD7A23 /* TabViewController.h */,
				BE79E4AA1E80FB6F00DD7A23 /* TabViewController.m */,
				BE79E4AB1E80FB6F00DD7A23 /* UITableViewCell+Dy.h */,
				BE79E4AC1E80FB6F00DD7A23 /* UITableViewCell+Dy.m */,
				BE79E4AD1E80FB6F00DD7A23 /* ViewController.h */,
				BE79E4AE1E80FB6F00DD7A23 /* ViewController.m */,
				BECC1A591D991D6D00155BF5 /* Main.storyboard */,
				BECC1A5C1D991D6D00155BF5 /* Assets.xcassets */,
				BECC1A5E1D991D6D00155BF5 /* LaunchScreen.storyboard */,
				BECC1A611D991D6D00155BF5 /* Info.plist */,
				BECC1A501D991D6D00155BF5 /* Supporting Files */,
			);
			path = DYRunLoop;
			sourceTree = "<group>";
		};
		BECC1A501D991D6D00155BF5 /* Supporting Files */ = {
			isa = PBXGroup;
			children = (
				BECC1A511D991D6D00155BF5 /* main.m */,
			);
			name = "Supporting Files";
			sourceTree = "<group>";
		};
/* End PBXGroup section */

/* Begin PBXNativeTarget section */
		BECC1A4C1D991D6D00155BF5 /* DYRunLoop */ = {
			isa = PBXNativeTarget;
			buildConfigurationList = BECC1A641D991D6D00155BF5 /* Build configuration list for PBXNativeTarget "DYRunLoop" */;
			buildPhases = (
				BECC1A491D991D6D00155BF5 /* Sources */,
				BECC1A4A1D991D6D00155BF5 /* Frameworks */,
				BECC1A4B1D991D6D00155BF5 /* Resources */,
			);
			buildRules = (
			);
			dependencies = (
			);
			name = DYRunLoop;
			productName = DYRunLoop;
			productReference = BECC1A4D1D991D6D00155BF5 /* DYRunLoop.app */;
			productType = "com.apple.product-type.application";
		};
/* End PBXNativeTarget section */

/* Begin PBXProject section */
		BECC1A451D991D6D00155BF5 /* Project object */ = {
			isa = PBXProject;
			attributes = {
				LastUpgradeCheck = 0800;
				ORGANIZATIONNAME = DY;
				TargetAttributes = {
					BECC1A4C1D991D6D00155BF5 = {
						CreatedOnToolsVersion = 8.0;
						DevelopmentTeam = K8KYS8V72F;
						ProvisioningStyle = Automatic;
					};
				};
			};
			buildConfigurationList = BECC1A481D991D6D00155BF5 /* Build configuration list for PBXProject "DYRunLoop" */;
			compatibilityVersion = "Xcode 3.2";
			developmentRegion = English;
			hasScannedForEncodings = 0;
			knownRegions = (
				en,
				Base,
			);
			mainGroup = BECC1A441D991D6D00155BF5;
			productRefGroup = BECC1A4E1D991D6D00155BF5 /* Products */;
			projectDirPath = "";
			projectRoot = "";
			targets = (
				BECC1A4C1D991D6D00155BF5 /* DYRunLoop */,
			);
		};
/* End PBXProject section */

/* Begin PBXResourcesBuildPhase section */
		BECC1A4B1D991D6D00155BF5 /* Resources */ = {
			isa = PBXResourcesBuildPhase;
			buildActionMask = 2147483647;
			files = (
				BE79E4B01E80FB6F00DD7A23 /* spaceship.jpg in Resources */,
				BECC1A601D991D6D00155BF5 /* LaunchScreen.storyboard in Resources */,
				BECC1A5D1D991D6D00155BF5 /* Assets.xcassets in Resources */,
				BECC1A5B1D991D6D00155BF5 /* Main.storyboard in Resources */,
			);
			runOnlyForDeploymentPostprocessing = 0;
		};
/* End PBXResourcesBuildPhase section */

/* Begin PBXSourcesBuildPhase section */
		BECC1A491D991D6D00155BF5 /* Sources */ = {
			isa = PBXSourcesBuildPhase;
			buildActionMask = 2147483647;
			files = (
				BE79E4B31E80FB6F00DD7A23 /* ViewController.m in Sources */,
				BE79E4B11E80FB6F00DD7A23 /* TabViewController.m in Sources */,
				BE79E4AF1E80FB6F00DD7A23 /* Handler.m in Sources */,
				BECC1A551D991D6D00155BF5 /* AppDelegate.m in Sources */,
				BECC1A521D991D6D00155BF5 /* main.m in Sources */,
				BE79E4B21E80FB6F00DD7A23 /* UITableViewCell+Dy.m in Sources */,
			);
			runOnlyForDeploymentPostprocessing = 0;
		};
/* End PBXSourcesBuildPhase section */

/* Begin PBXVariantGroup section */
		BECC1A591D991D6D00155BF5 /* Main.storyboard */ = {
			isa = PBXVariantGroup;
			children = (
				BECC1A5A1D991D6D00155BF5 /* Base */,
			);
			name = Main.storyboard;
			sourceTree = "<group>";
		};
		BECC1A5E1D991D6D00155BF5 /* LaunchScreen.storyboard */ = {
			isa = PBXVariantGroup;
			children = (
				BECC1A5F1D991D6D00155BF5 /* Base */,
			);
			name = LaunchScreen.storyboard;
			sourceTree = "<group>";
		};
/* End PBXVariantGroup section */

/* Begin XCBuildConfiguration section */
		BECC1A621D991D6D00155BF5 /* Debug */ = {
			isa = XCBuildConfiguration;
			buildSettings = {
				ALWAYS_SEARCH_USER_PATHS = NO;
				CLANG_ANALYZER_NONNULL = YES;
				CLANG_CXX_LANGUAGE_STANDARD = "gnu++0x";
				CLANG_CXX_LIBRARY = "libc++";
				CLANG_ENABLE_MODULES = YES;
				CLANG_ENABLE_OBJC_ARC = YES;
				CLANG_WARN_BOOL_CONVERSION = YES;
				CLANG_WARN_CONSTANT_CONVERSION = YES;
				CLANG_WARN_DIRECT_OBJC_ISA_USAGE = YES_ERROR;
				CLANG_WARN_DOCUMENTATION_COMMENTS = YES;
				CLANG_WARN_EMPTY_BODY = YES;
				CLANG_WARN_ENUM_CONVERSION = YES;
				CLANG_WARN_INFINITE_RECURSION = YES;
				CLANG_WARN_INT_CONVERSION = YES;
				CLANG_WARN_OBJC_ROOT_CLASS = YES_ERROR;
				CLANG_WARN_SUSPICIOUS_MOVES = YES;
				CLANG_WARN_UNREACHABLE_CODE = YES;
				CLANG_WARN__DUPLICATE_METHOD_MATCH = YES;
				"CODE_SIGN_IDENTITY[sdk=iphoneos*]" = "iPhone Developer";
				COPY_PHASE_STRIP = NO;
				DEBUG_INFORMATION_FORMAT = dwarf;
				ENABLE_STRICT_OBJC_MSGSEND = YES;
				ENABLE_TESTABILITY = YES;
				GCC_C_LANGUAGE_STANDARD = gnu99;
				GCC_DYNAMIC_NO_PIC = NO;
				GCC_NO_COMMON_BLOCKS = YES;
				GCC_OPTIMIZATION_LEVEL = 0;
				GCC_PREPROCESSOR_DEFINITIONS = (
					"DEBUG=1",
					"$(inherited)",
				);
				GCC_WARN_64_TO_32_BIT_CONVERSION = YES;
				GCC_WARN_ABOUT_RETURN_TYPE = YES_ERROR;
				GCC_WARN_UNDECLARED_SELECTOR = YES;
				GCC_WARN_UNINITIALIZED_AUTOS = YES_AGGRESSIVE;
				GCC_WARN_UNUSED_FUNCTION = YES;
				GCC_WARN_UNUSED_VARIABLE = YES;
				IPHONEOS_DEPLOYMENT_TARGET = 10.0;
				MTL_ENABLE_DEBUG_INFO = YES;
				ONLY_ACTIVE_ARCH = YES;
				SDKROOT = iphoneos;
				TARGETED_DEVICE_FAMILY = "1,2";
			};
			name = Debug;
		};
		BECC1A631D991D6D00155BF5 /* Release */ = {
			isa = XCBuildConfiguration;
			buildSettings = {
				ALWAYS_SEARCH_USER_PATHS = NO;
				CLANG_ANALYZER_NONNULL = YES;
				CLANG_CXX_LANGUAGE_STANDARD = "gnu++0x";
				CLANG_CXX_LIBRARY = "libc++";
				CLANG_ENABLE_MODULES = YES;
				CLANG_ENABLE_OBJC_ARC = YES;
				CLANG_WARN_BOOL_CONVERSION = YES;
				CLANG_WARN_CONSTANT_CONVERSION = YES;
				CLANG_WARN_DIRECT_OBJC_ISA_USAGE = YES_ERROR;
				CLANG_WARN_DOCUMENTATION_COMMENTS = YES;
				CLANG_WARN_EMPTY_BODY = YES;
				CLANG_WARN_ENUM_CONVERSION = YES;
				CLANG_WARN_INFINITE_RECURSION = YES;
				CLANG_WARN_INT_CONVERSION = YES;
				CLANG_WARN_OBJC_ROOT_CLASS = YES_ERROR;
				CLANG_WARN_SUSPICIOUS_MOVES = YES;
				CLANG_WARN_UNREACHABLE_CODE = YES;
				CLANG_WARN__DUPLICATE_METHOD_MATCH = YES;
				"CODE_SIGN_IDENTITY[sdk=iphoneos*]" = "iPhone Developer";
				COPY_PHASE_STRIP = NO;
				DEBUG_INFORMATION_FORMAT = "dwarf-with-dsym";
				ENABLE_NS_ASSERTIONS = NO;
				ENABLE_STRICT_OBJC_MSGSEND = YES;
				GCC_C_LANGUAGE_STANDARD = gnu99;
				GCC_NO_COMMON_BLOCKS = YES;
				GCC_WARN_64_TO_32_BIT_CONVERSION = YES;
				GCC_WARN_ABOUT_RETURN_TYPE = YES_ERROR;
				GCC_WARN_UNDECLARED_SELECTOR = YES;
				GCC_WARN_UNINITIALIZED_AUTOS = YES_AGGRESSIVE;
				GCC_WARN_UNUSED_FUNCTION = YES;
				GCC_WARN_UNUSED_VARIABLE = YES;
				IPHONEOS_DEPLOYMENT_TARGET = 10.0;
				MTL_ENABLE_DEBUG_INFO = NO;
				SDKROOT = iphoneos;
				TARGETED_DEVICE_FAMILY = "1,2";
				VALIDATE_PRODUCT = YES;
			};
			name = Release;
		};
		BECC1A651D991D6D00155BF5 /* Debug */ = {
			isa = XCBuildConfiguration;
			buildSettings = {
				ASSETCATALOG_COMPILER_APPICON_NAME = AppIcon;
				DEVELOPMENT_TEAM = K8KYS8V72F;
				INFOPLIST_FILE = DYRunLoop/Info.plist;
				IPHONEOS_DEPLOYMENT_TARGET = 8.0;
				LD_RUNPATH_SEARCH_PATHS = "$(inherited) @executable_path/Frameworks";
				PRODUCT_BUNDLE_IDENTIFIER = DY.DYRunLoop;
				PRODUCT_NAME = "$(TARGET_NAME)";
			};
			name = Debug;
		};
		BECC1A661D991D6D00155BF5 /* Release */ = {
			isa = XCBuildConfiguration;
			buildSettings = {
				ASSETCATALOG_COMPILER_APPICON_NAME = AppIcon;
				DEVELOPMENT_TEAM = K8KYS8V72F;
				INFOPLIST_FILE = DYRunLoop/Info.plist;
				IPHONEOS_DEPLOYMENT_TARGET = 8.0;
				LD_RUNPATH_SEARCH_PATHS = "$(inherited) @executable_path/Frameworks";
				PRODUCT_BUNDLE_IDENTIFIER = DY.DYRunLoop;
				PRODUCT_NAME = "$(TARGET_NAME)";
			};
			name = Release;
		};
/* End XCBuildConfiguration section */

/* Begin XCConfigurationList section */
		BECC1A481D991D6D00155BF5 /* Build configuration list for PBXProject "DYRunLoop" */ = {
			isa = XCConfigurationList;
			buildConfigurations = (
				BECC1A621D991D6D00155BF5 /* Debug */,
				BECC1A631D991D6D00155BF5 /* Release */,
			);
			defaultConfigurationIsVisible = 0;
			defaultConfigurationName = Release;
		};
		BECC1A641D991D6D00155BF5 /* Build configuration list for PBXNativeTarget "DYRunLoop" */ = {
			isa = XCConfigurationList;
			buildConfigurations = (
				BECC1A651D991D6D00155BF5 /* Debug */,
				BECC1A661D991D6D00155BF5 /* Release */,
			);
			defaultConfigurationIsVisible = 0;
			defaultConfigurationName = Release;
		};
/* End XCConfigurationList section */
	};
	rootObject = BECC1A451D991D6D00155BF5 /* Project object */;
}
